// !$*UTF8*$!
{
	archiveVersion = 1;
	classes = {
	};
	objectVersion = 51;
	objects = {

/* Begin PBXBuildFile section */
		0510B38A246DE4A300BCB0C8 /* ImageModel.swift in Sources */ = {isa = PBXBuildFile; fileRef = 0510B389246DE4A300BCB0C8 /* ImageModel.swift */; };
		0510B38C246DE4E800BCB0C8 /* MonumentCategory.swift in Sources */ = {isa = PBXBuildFile; fileRef = 0510B38B246DE4E800BCB0C8 /* MonumentCategory.swift */; };
		0510B38E246DE5AB00BCB0C8 /* MonumentViewModel.swift in Sources */ = {isa = PBXBuildFile; fileRef = 0510B38D246DE5AB00BCB0C8 /* MonumentViewModel.swift */; };
		051585752462E32F00194002 /* RegisterView.swift in Sources */ = {isa = PBXBuildFile; fileRef = 051585742462E32F00194002 /* RegisterView.swift */; };
		051585792462E36800194002 /* LoginView.swift in Sources */ = {isa = PBXBuildFile; fileRef = 051585782462E36800194002 /* LoginView.swift */; };
		05158586246405E700194002 /* CircleTab.swift in Sources */ = {isa = PBXBuildFile; fileRef = 05158585246405E700194002 /* CircleTab.swift */; };
		051585892464072000194002 /* RootCircleTabTabView.swift in Sources */ = {isa = PBXBuildFile; fileRef = 051585882464072000194002 /* RootCircleTabTabView.swift */; };
		0515858E2464823500194002 /* Monument.swift in Sources */ = {isa = PBXBuildFile; fileRef = 0515858D2464823500194002 /* Monument.swift */; };
		051585922464863000194002 /* User.swift in Sources */ = {isa = PBXBuildFile; fileRef = 051585912464863000194002 /* User.swift */; };
		051585942464865300194002 /* Category.swift in Sources */ = {isa = PBXBuildFile; fileRef = 051585932464865300194002 /* Category.swift */; };
		0515859B246490C700194002 /* MonumentDetailView.swift in Sources */ = {isa = PBXBuildFile; fileRef = 0515859A246490C700194002 /* MonumentDetailView.swift */; };
		0515859D2464979F00194002 /* MonumentRowView.swift in Sources */ = {isa = PBXBuildFile; fileRef = 0515859C2464979F00194002 /* MonumentRowView.swift */; };
		0515859F24649FE700194002 /* MonumentListView.swift in Sources */ = {isa = PBXBuildFile; fileRef = 0515859E24649FE700194002 /* MonumentListView.swift */; };
		051585A12464AA2300194002 /* CommentListView.swift in Sources */ = {isa = PBXBuildFile; fileRef = 051585A02464AA2300194002 /* CommentListView.swift */; };
		051585A52464AA5B00194002 /* CommentRowView.swift in Sources */ = {isa = PBXBuildFile; fileRef = 051585A42464AA5B00194002 /* CommentRowView.swift */; };
		05948F8D245FFBC1001BB4A6 /* AppDelegate.swift in Sources */ = {isa = PBXBuildFile; fileRef = 05948F8C245FFBC1001BB4A6 /* AppDelegate.swift */; };
		05948F8F245FFBC1001BB4A6 /* SceneDelegate.swift in Sources */ = {isa = PBXBuildFile; fileRef = 05948F8E245FFBC1001BB4A6 /* SceneDelegate.swift */; };
		05948F91245FFBC1001BB4A6 /* ContentView.swift in Sources */ = {isa = PBXBuildFile; fileRef = 05948F90245FFBC1001BB4A6 /* ContentView.swift */; };
		05948F93245FFBC4001BB4A6 /* Assets.xcassets in Resources */ = {isa = PBXBuildFile; fileRef = 05948F92245FFBC4001BB4A6 /* Assets.xcassets */; };
		05948F96245FFBC4001BB4A6 /* Preview Assets.xcassets in Resources */ = {isa = PBXBuildFile; fileRef = 05948F95245FFBC4001BB4A6 /* Preview Assets.xcassets */; };
		05948F99245FFBC4001BB4A6 /* LaunchScreen.storyboard in Resources */ = {isa = PBXBuildFile; fileRef = 05948F97245FFBC4001BB4A6 /* LaunchScreen.storyboard */; };
		05948FA1245FFC45001BB4A6 /* SplashView.swift in Sources */ = {isa = PBXBuildFile; fileRef = 05948FA0245FFC45001BB4A6 /* SplashView.swift */; };
		05948FA3245FFCF5001BB4A6 /* ManagerView.swift in Sources */ = {isa = PBXBuildFile; fileRef = 05948FA2245FFCF5001BB4A6 /* ManagerView.swift */; };
		05948FA5245FFD72001BB4A6 /* RootTabView.swift in Sources */ = {isa = PBXBuildFile; fileRef = 05948FA4245FFD72001BB4A6 /* RootTabView.swift */; };
		05C7D971247208CC00E02F47 /* MapView.swift in Sources */ = {isa = PBXBuildFile; fileRef = 05C7D970247208CC00E02F47 /* MapView.swift */; };
		05C7D974247208F000E02F47 /* LocationManager.swift in Sources */ = {isa = PBXBuildFile; fileRef = 05C7D972247208F000E02F47 /* LocationManager.swift */; };
		05C7D975247208F000E02F47 /* Coordinator.swift in Sources */ = {isa = PBXBuildFile; fileRef = 05C7D973247208F000E02F47 /* Coordinator.swift */; };
		05C7D9772472090400E02F47 /* Map.swift in Sources */ = {isa = PBXBuildFile; fileRef = 05C7D9762472090400E02F47 /* Map.swift */; };
		05C7D97A2472FCA900E02F47 /* CategoryViewModel.swift in Sources */ = {isa = PBXBuildFile; fileRef = 05C7D9792472FCA900E02F47 /* CategoryViewModel.swift */; };
		524AFFCBDF9F2C10AA0B262F /* Pods_hidden_italy_app.framework in Frameworks */ = {isa = PBXBuildFile; fileRef = 77042D062AEAF40F5B011575 /* Pods_hidden_italy_app.framework */; };
		79B58DD224720C990052BDC7 /* Landmark.swift in Sources */ = {isa = PBXBuildFile; fileRef = 79B58DD124720C990052BDC7 /* Landmark.swift */; };
/* End PBXBuildFile section */

/* Begin PBXFileReference section */
		0510B389246DE4A300BCB0C8 /* ImageModel.swift */ = {isa = PBXFileReference; lastKnownFileType = sourcecode.swift; path = ImageModel.swift; sourceTree = "<group>"; };
		0510B38B246DE4E800BCB0C8 /* MonumentCategory.swift */ = {isa = PBXFileReference; lastKnownFileType = sourcecode.swift; path = MonumentCategory.swift; sourceTree = "<group>"; };
		0510B38D246DE5AB00BCB0C8 /* MonumentViewModel.swift */ = {isa = PBXFileReference; lastKnownFileType = sourcecode.swift; path = MonumentViewModel.swift; sourceTree = "<group>"; };
		051585742462E32F00194002 /* RegisterView.swift */ = {isa = PBXFileReference; lastKnownFileType = sourcecode.swift; path = RegisterView.swift; sourceTree = "<group>"; };
		051585782462E36800194002 /* LoginView.swift */ = {isa = PBXFileReference; lastKnownFileType = sourcecode.swift; path = LoginView.swift; sourceTree = "<group>"; };
		05158585246405E700194002 /* CircleTab.swift */ = {isa = PBXFileReference; lastKnownFileType = sourcecode.swift; path = CircleTab.swift; sourceTree = "<group>"; };
		051585882464072000194002 /* RootCircleTabTabView.swift */ = {isa = PBXFileReference; lastKnownFileType = sourcecode.swift; path = RootCircleTabTabView.swift; sourceTree = "<group>"; };
		0515858D2464823500194002 /* Monument.swift */ = {isa = PBXFileReference; lastKnownFileType = sourcecode.swift; path = Monument.swift; sourceTree = "<group>"; };
		051585912464863000194002 /* User.swift */ = {isa = PBXFileReference; lastKnownFileType = sourcecode.swift; path = User.swift; sourceTree = "<group>"; };
		051585932464865300194002 /* Category.swift */ = {isa = PBXFileReference; lastKnownFileType = sourcecode.swift; path = Category.swift; sourceTree = "<group>"; };
		0515859A246490C700194002 /* MonumentDetailView.swift */ = {isa = PBXFileReference; lastKnownFileType = sourcecode.swift; path = MonumentDetailView.swift; sourceTree = "<group>"; };
		0515859C2464979F00194002 /* MonumentRowView.swift */ = {isa = PBXFileReference; lastKnownFileType = sourcecode.swift; path = MonumentRowView.swift; sourceTree = "<group>"; };
		0515859E24649FE700194002 /* MonumentListView.swift */ = {isa = PBXFileReference; lastKnownFileType = sourcecode.swift; path = MonumentListView.swift; sourceTree = "<group>"; };
		051585A02464AA2300194002 /* CommentListView.swift */ = {isa = PBXFileReference; lastKnownFileType = sourcecode.swift; path = CommentListView.swift; sourceTree = "<group>"; };
		051585A42464AA5B00194002 /* CommentRowView.swift */ = {isa = PBXFileReference; lastKnownFileType = sourcecode.swift; path = CommentRowView.swift; sourceTree = "<group>"; };
		05948F89245FFBC1001BB4A6 /* hidden-italy-app.app */ = {isa = PBXFileReference; explicitFileType = wrapper.application; includeInIndex = 0; path = "hidden-italy-app.app"; sourceTree = BUILT_PRODUCTS_DIR; };
		05948F8C245FFBC1001BB4A6 /* AppDelegate.swift */ = {isa = PBXFileReference; lastKnownFileType = sourcecode.swift; path = AppDelegate.swift; sourceTree = "<group>"; };
		05948F8E245FFBC1001BB4A6 /* SceneDelegate.swift */ = {isa = PBXFileReference; lastKnownFileType = sourcecode.swift; path = SceneDelegate.swift; sourceTree = "<group>"; };
		05948F90245FFBC1001BB4A6 /* ContentView.swift */ = {isa = PBXFileReference; lastKnownFileType = sourcecode.swift; path = ContentView.swift; sourceTree = "<group>"; };
		05948F92245FFBC4001BB4A6 /* Assets.xcassets */ = {isa = PBXFileReference; lastKnownFileType = folder.assetcatalog; path = Assets.xcassets; sourceTree = "<group>"; };
		05948F95245FFBC4001BB4A6 /* Preview Assets.xcassets */ = {isa = PBXFileReference; lastKnownFileType = folder.assetcatalog; path = "Preview Assets.xcassets"; sourceTree = "<group>"; };
		05948F98245FFBC4001BB4A6 /* Base */ = {isa = PBXFileReference; lastKnownFileType = file.storyboard; name = Base; path = Base.lproj/LaunchScreen.storyboard; sourceTree = "<group>"; };
		05948F9A245FFBC4001BB4A6 /* Info.plist */ = {isa = PBXFileReference; lastKnownFileType = text.plist.xml; path = Info.plist; sourceTree = "<group>"; };
		05948FA0245FFC45001BB4A6 /* SplashView.swift */ = {isa = PBXFileReference; lastKnownFileType = sourcecode.swift; path = SplashView.swift; sourceTree = "<group>"; };
		05948FA2245FFCF5001BB4A6 /* ManagerView.swift */ = {isa = PBXFileReference; lastKnownFileType = sourcecode.swift; path = ManagerView.swift; sourceTree = "<group>"; };
		05948FA4245FFD72001BB4A6 /* RootTabView.swift */ = {isa = PBXFileReference; lastKnownFileType = sourcecode.swift; path = RootTabView.swift; sourceTree = "<group>"; };
		05C7D970247208CC00E02F47 /* MapView.swift */ = {isa = PBXFileReference; fileEncoding = 4; lastKnownFileType = sourcecode.swift; path = MapView.swift; sourceTree = "<group>"; };
		05C7D972247208F000E02F47 /* LocationManager.swift */ = {isa = PBXFileReference; fileEncoding = 4; lastKnownFileType = sourcecode.swift; name = LocationManager.swift; path = "hidden-italy-app/MapController/LocationManager.swift"; sourceTree = SOURCE_ROOT; };
		05C7D973247208F000E02F47 /* Coordinator.swift */ = {isa = PBXFileReference; fileEncoding = 4; lastKnownFileType = sourcecode.swift; name = Coordinator.swift; path = "hidden-italy-app/MapController/Coordinator.swift"; sourceTree = SOURCE_ROOT; };
		05C7D9762472090400E02F47 /* Map.swift */ = {isa = PBXFileReference; fileEncoding = 4; lastKnownFileType = sourcecode.swift; name = Map.swift; path = "hidden-italy-app/Views/MapViews/Map.swift"; sourceTree = SOURCE_ROOT; };
		05C7D9792472FCA900E02F47 /* CategoryViewModel.swift */ = {isa = PBXFileReference; lastKnownFileType = sourcecode.swift; path = CategoryViewModel.swift; sourceTree = "<group>"; };
		77042D062AEAF40F5B011575 /* Pods_hidden_italy_app.framework */ = {isa = PBXFileReference; explicitFileType = wrapper.framework; includeInIndex = 0; path = Pods_hidden_italy_app.framework; sourceTree = BUILT_PRODUCTS_DIR; };
		77880D522465540200413151 /* Crud.swift */ = {isa = PBXFileReference; lastKnownFileType = sourcecode.swift; path = Crud.swift; sourceTree = "<group>"; };
		79B58DD124720C990052BDC7 /* Landmark.swift */ = {isa = PBXFileReference; fileEncoding = 4; lastKnownFileType = sourcecode.swift; path = Landmark.swift; sourceTree = "<group>"; };
		8A070482E3B92E37E0CE7C77 /* Pods-hidden-italy-app.release.xcconfig */ = {isa = PBXFileReference; includeInIndex = 1; lastKnownFileType = text.xcconfig; name = "Pods-hidden-italy-app.release.xcconfig"; path = "Target Support Files/Pods-hidden-italy-app/Pods-hidden-italy-app.release.xcconfig"; sourceTree = "<group>"; };
		C79F7732B9EC41F9B11E0471 /* Pods-hidden-italy-app.debug.xcconfig */ = {isa = PBXFileReference; includeInIndex = 1; lastKnownFileType = text.xcconfig; name = "Pods-hidden-italy-app.debug.xcconfig"; path = "Target Support Files/Pods-hidden-italy-app/Pods-hidden-italy-app.debug.xcconfig"; sourceTree = "<group>"; };
/* End PBXFileReference section */

/* Begin PBXFrameworksBuildPhase section */
		05948F86245FFBC1001BB4A6 /* Frameworks */ = {
			isa = PBXFrameworksBuildPhase;
			buildActionMask = 2147483647;
			files = (
				524AFFCBDF9F2C10AA0B262F /* Pods_hidden_italy_app.framework in Frameworks */,
			);
			runOnlyForDeploymentPostprocessing = 0;
		};
/* End PBXFrameworksBuildPhase section */

/* Begin PBXGroup section */
		05158587246406B700194002 /* Tab */ = {
			isa = PBXGroup;
			children = (
				05158585246405E700194002 /* CircleTab.swift */,
				05948FA4245FFD72001BB4A6 /* RootTabView.swift */,
				051585882464072000194002 /* RootCircleTabTabView.swift */,
			);
			path = Tab;
			sourceTree = "<group>";
		};
		0515858B24647F7F00194002 /* Models */ = {
			isa = PBXGroup;
			children = (
				79B58DD124720C990052BDC7 /* Landmark.swift */,
				0515858D2464823500194002 /* Monument.swift */,
				0510B389246DE4A300BCB0C8 /* ImageModel.swift */,
				051585912464863000194002 /* User.swift */,
				051585932464865300194002 /* Category.swift */,
				0510B38B246DE4E800BCB0C8 /* MonumentCategory.swift */,
			);
			path = Models;
			sourceTree = "<group>";
		};
		0515858C24647F8A00194002 /* ModelViews */ = {
			isa = PBXGroup;
			children = (
				0510B38D246DE5AB00BCB0C8 /* MonumentViewModel.swift */,
				05C7D9792472FCA900E02F47 /* CategoryViewModel.swift */,
			);
			path = ModelViews;
			sourceTree = "<group>";
		};
		05158599246490A700194002 /* Monuments */ = {
			isa = PBXGroup;
			children = (
				0515859A246490C700194002 /* MonumentDetailView.swift */,
				0515859E24649FE700194002 /* MonumentListView.swift */,
			);
			path = Monuments;
			sourceTree = "<group>";
		};
		051585A22464AA2F00194002 /* Comments */ = {
			isa = PBXGroup;
			children = (
				051585A02464AA2300194002 /* CommentListView.swift */,
			);
			path = Comments;
			sourceTree = "<group>";
		};
		05948F80245FFBC1001BB4A6 = {
			isa = PBXGroup;
			children = (
				05948F8B245FFBC1001BB4A6 /* hidden-italy-app */,
				05948F8A245FFBC1001BB4A6 /* Products */,
				F4C057D8A74BB8F21D27B15D /* Pods */,
				6E6CC0BA4B322C43F6CF369F /* Frameworks */,
			);
			sourceTree = "<group>";
		};
		05948F8A245FFBC1001BB4A6 /* Products */ = {
			isa = PBXGroup;
			children = (
				05948F89245FFBC1001BB4A6 /* hidden-italy-app.app */,
			);
			name = Products;
			sourceTree = "<group>";
		};
		05948F8B245FFBC1001BB4A6 /* hidden-italy-app */ = {
			isa = PBXGroup;
			children = (
				77880D532465582C00413151 /* Components */,
				77880D512465540200413151 /* Helpers */,
				77880D4C246553D800413151 /* Config */,
				77E544BC2465531900C27BBA /* Views */,
				79F63FDC2464BB0C00D25235 /* Map */,
				0515858C24647F8A00194002 /* ModelViews */,
				0515858B24647F7F00194002 /* Models */,
				05948F8C245FFBC1001BB4A6 /* AppDelegate.swift */,
				05948F8E245FFBC1001BB4A6 /* SceneDelegate.swift */,
				05948F90245FFBC1001BB4A6 /* ContentView.swift */,
				05948F92245FFBC4001BB4A6 /* Assets.xcassets */,
				05948F97245FFBC4001BB4A6 /* LaunchScreen.storyboard */,
				05948F9A245FFBC4001BB4A6 /* Info.plist */,
				05948F94245FFBC4001BB4A6 /* Preview Content */,
				05948FA0245FFC45001BB4A6 /* SplashView.swift */,
				05948FA2245FFCF5001BB4A6 /* ManagerView.swift */,
			);
			path = "hidden-italy-app";
			sourceTree = "<group>";
		};
		05948F94245FFBC4001BB4A6 /* Preview Content */ = {
			isa = PBXGroup;
			children = (
				05948F95245FFBC4001BB4A6 /* Preview Assets.xcassets */,
			);
			path = "Preview Content";
			sourceTree = "<group>";
		};
		05C7D9782472FC6400E02F47 /* Map */ = {
			isa = PBXGroup;
			children = (
				05C7D970247208CC00E02F47 /* MapView.swift */,
			);
			path = Map;
			sourceTree = "<group>";
		};
		6E6CC0BA4B322C43F6CF369F /* Frameworks */ = {
			isa = PBXGroup;
			children = (
				77042D062AEAF40F5B011575 /* Pods_hidden_italy_app.framework */,
			);
			name = Frameworks;
			sourceTree = "<group>";
		};
		77880D4C246553D800413151 /* Config */ = {
			isa = PBXGroup;
			children = (
			);
			path = Config;
			sourceTree = "<group>";
		};
		77880D512465540200413151 /* Helpers */ = {
			isa = PBXGroup;
			children = (
				77880D522465540200413151 /* Crud.swift */,
			);
			path = Helpers;
			sourceTree = "<group>";
		};
		77880D532465582C00413151 /* Components */ = {
			isa = PBXGroup;
			children = (
				05158587246406B700194002 /* Tab */,
				051585A42464AA5B00194002 /* CommentRowView.swift */,
				0515859C2464979F00194002 /* MonumentRowView.swift */,
			);
			path = Components;
			sourceTree = "<group>";
		};
		77E544BC2465531900C27BBA /* Views */ = {
			isa = PBXGroup;
			children = (
				05C7D9782472FC6400E02F47 /* Map */,
				05158599246490A700194002 /* Monuments */,
				051585A22464AA2F00194002 /* Comments */,
				77E544BD2465533000C27BBA /* Auth */,
			);
			path = Views;
			sourceTree = "<group>";
		};
		77E544BD2465533000C27BBA /* Auth */ = {
			isa = PBXGroup;
			children = (
				051585742462E32F00194002 /* RegisterView.swift */,
				051585782462E36800194002 /* LoginView.swift */,
			);
			path = Auth;
			sourceTree = "<group>";
		};
		79F63FDC2464BB0C00D25235 /* Map */ = {
			isa = PBXGroup;
			children = (
				05C7D9762472090400E02F47 /* Map.swift */,
				05C7D973247208F000E02F47 /* Coordinator.swift */,
				05C7D972247208F000E02F47 /* LocationManager.swift */,
			);
			path = Map;
			sourceTree = "<group>";
		};
		F4C057D8A74BB8F21D27B15D /* Pods */ = {
			isa = PBXGroup;
			children = (
				C79F7732B9EC41F9B11E0471 /* Pods-hidden-italy-app.debug.xcconfig */,
				8A070482E3B92E37E0CE7C77 /* Pods-hidden-italy-app.release.xcconfig */,
			);
			path = Pods;
			sourceTree = "<group>";
		};
/* End PBXGroup section */

/* Begin PBXNativeTarget section */
		05948F88245FFBC1001BB4A6 /* hidden-italy-app */ = {
			isa = PBXNativeTarget;
			buildConfigurationList = 05948F9D245FFBC4001BB4A6 /* Build configuration list for PBXNativeTarget "hidden-italy-app" */;
			buildPhases = (
				0FB515C02F4EC370D4B5D368 /* [CP] Check Pods Manifest.lock */,
				05948F85245FFBC1001BB4A6 /* Sources */,
				05948F86245FFBC1001BB4A6 /* Frameworks */,
				05948F87245FFBC1001BB4A6 /* Resources */,
				663DFE2A56CFD4CAF0F488E0 /* [CP] Embed Pods Frameworks */,
			);
			buildRules = (
			);
			dependencies = (
			);
			name = "hidden-italy-app";
			productName = "hidden-italy-app";
			productReference = 05948F89245FFBC1001BB4A6 /* hidden-italy-app.app */;
			productType = "com.apple.product-type.application";
		};
/* End PBXNativeTarget section */

/* Begin PBXProject section */
		05948F81245FFBC1001BB4A6 /* Project object */ = {
			isa = PBXProject;
			attributes = {
				LastSwiftUpdateCheck = 1140;
				LastUpgradeCheck = 1140;
				ORGANIZATIONNAME = "Andrea Arizzoli";
				TargetAttributes = {
					05948F88245FFBC1001BB4A6 = {
						CreatedOnToolsVersion = 11.4.1;
					};
				};
			};
			buildConfigurationList = 05948F84245FFBC1001BB4A6 /* Build configuration list for PBXProject "hidden-italy-app" */;
			compatibilityVersion = "Xcode 9.3";
			developmentRegion = en;
			hasScannedForEncodings = 0;
			knownRegions = (
				en,
				Base,
			);
			mainGroup = 05948F80245FFBC1001BB4A6;
			productRefGroup = 05948F8A245FFBC1001BB4A6 /* Products */;
			projectDirPath = "";
			projectRoot = "";
			targets = (
				05948F88245FFBC1001BB4A6 /* hidden-italy-app */,
			);
		};
/* End PBXProject section */

/* Begin PBXResourcesBuildPhase section */
		05948F87245FFBC1001BB4A6 /* Resources */ = {
			isa = PBXResourcesBuildPhase;
			buildActionMask = 2147483647;
			files = (
				05948F99245FFBC4001BB4A6 /* LaunchScreen.storyboard in Resources */,
				05948F96245FFBC4001BB4A6 /* Preview Assets.xcassets in Resources */,
				05948F93245FFBC4001BB4A6 /* Assets.xcassets in Resources */,
			);
			runOnlyForDeploymentPostprocessing = 0;
		};
/* End PBXResourcesBuildPhase section */

/* Begin PBXShellScriptBuildPhase section */
		0FB515C02F4EC370D4B5D368 /* [CP] Check Pods Manifest.lock */ = {
			isa = PBXShellScriptBuildPhase;
			buildActionMask = 2147483647;
			files = (
			);
			inputFileListPaths = (
			);
			inputPaths = (
				"${PODS_PODFILE_DIR_PATH}/Podfile.lock",
				"${PODS_ROOT}/Manifest.lock",
			);
			name = "[CP] Check Pods Manifest.lock";
			outputFileListPaths = (
			);
			outputPaths = (
				"$(DERIVED_FILE_DIR)/Pods-hidden-italy-app-checkManifestLockResult.txt",
			);
			runOnlyForDeploymentPostprocessing = 0;
			shellPath = /bin/sh;
			shellScript = "diff \"${PODS_PODFILE_DIR_PATH}/Podfile.lock\" \"${PODS_ROOT}/Manifest.lock\" > /dev/null\nif [ $? != 0 ] ; then\n    # print error to STDERR\n    echo \"error: The sandbox is not in sync with the Podfile.lock. Run 'pod install' or update your CocoaPods installation.\" >&2\n    exit 1\nfi\n# This output is used by Xcode 'outputs' to avoid re-running this script phase.\necho \"SUCCESS\" > \"${SCRIPT_OUTPUT_FILE_0}\"\n";
			showEnvVarsInLog = 0;
		};
		663DFE2A56CFD4CAF0F488E0 /* [CP] Embed Pods Frameworks */ = {
			isa = PBXShellScriptBuildPhase;
			buildActionMask = 2147483647;
			files = (
			);
			inputFileListPaths = (
				"${PODS_ROOT}/Target Support Files/Pods-hidden-italy-app/Pods-hidden-italy-app-frameworks-${CONFIGURATION}-input-files.xcfilelist",
			);
			name = "[CP] Embed Pods Frameworks";
			outputFileListPaths = (
				"${PODS_ROOT}/Target Support Files/Pods-hidden-italy-app/Pods-hidden-italy-app-frameworks-${CONFIGURATION}-output-files.xcfilelist",
			);
			runOnlyForDeploymentPostprocessing = 0;
			shellPath = /bin/sh;
			shellScript = "\"${PODS_ROOT}/Target Support Files/Pods-hidden-italy-app/Pods-hidden-italy-app-frameworks.sh\"\n";
			showEnvVarsInLog = 0;
		};
/* End PBXShellScriptBuildPhase section */

/* Begin PBXSourcesBuildPhase section */
		05948F85245FFBC1001BB4A6 /* Sources */ = {
			isa = PBXSourcesBuildPhase;
			buildActionMask = 2147483647;
			files = (
				051585752462E32F00194002 /* RegisterView.swift in Sources */,
				05C7D9772472090400E02F47 /* Map.swift in Sources */,
				05948FA3245FFCF5001BB4A6 /* ManagerView.swift in Sources */,
				0515859D2464979F00194002 /* MonumentRowView.swift in Sources */,
				79B58DD224720C990052BDC7 /* Landmark.swift in Sources */,
				05948F8D245FFBC1001BB4A6 /* AppDelegate.swift in Sources */,
				051585942464865300194002 /* Category.swift in Sources */,
				0510B38E246DE5AB00BCB0C8 /* MonumentViewModel.swift in Sources */,
				0515859F24649FE700194002 /* MonumentListView.swift in Sources */,
				0510B38C246DE4E800BCB0C8 /* MonumentCategory.swift in Sources */,
				05C7D971247208CC00E02F47 /* MapView.swift in Sources */,
				05948FA1245FFC45001BB4A6 /* SplashView.swift in Sources */,
				05948F8F245FFBC1001BB4A6 /* SceneDelegate.swift in Sources */,
				051585922464863000194002 /* User.swift in Sources */,
				0515858E2464823500194002 /* Monument.swift in Sources */,
				05158586246405E700194002 /* CircleTab.swift in Sources */,
				051585792462E36800194002 /* LoginView.swift in Sources */,
				051585892464072000194002 /* RootCircleTabTabView.swift in Sources */,
				0515859B246490C700194002 /* MonumentDetailView.swift in Sources */,
				051585A12464AA2300194002 /* CommentListView.swift in Sources */,
				05948FA5245FFD72001BB4A6 /* RootTabView.swift in Sources */,
				05C7D974247208F000E02F47 /* LocationManager.swift in Sources */,
				051585A52464AA5B00194002 /* CommentRowView.swift in Sources */,
				05C7D975247208F000E02F47 /* Coordinator.swift in Sources */,
				05948F91245FFBC1001BB4A6 /* ContentView.swift in Sources */,
				0510B38A246DE4A300BCB0C8 /* ImageModel.swift in Sources */,
				05C7D97A2472FCA900E02F47 /* CategoryViewModel.swift in Sources */,
			);
			runOnlyForDeploymentPostprocessing = 0;
		};
/* End PBXSourcesBuildPhase section */

/* Begin PBXVariantGroup section */
		05948F97245FFBC4001BB4A6 /* LaunchScreen.storyboard */ = {
			isa = PBXVariantGroup;
			children = (
				05948F98245FFBC4001BB4A6 /* Base */,
			);
			name = LaunchScreen.storyboard;
			sourceTree = "<group>";
		};
/* End PBXVariantGroup section */

/* Begin XCBuildConfiguration section */
		05948F9B245FFBC4001BB4A6 /* Debug */ = {
			isa = XCBuildConfiguration;
			buildSettings = {
				ALWAYS_SEARCH_USER_PATHS = NO;
				CLANG_ANALYZER_NONNULL = YES;
				CLANG_ANALYZER_NUMBER_OBJECT_CONVERSION = YES_AGGRESSIVE;
				CLANG_CXX_LANGUAGE_STANDARD = "gnu++14";
				CLANG_CXX_LIBRARY = "libc++";
				CLANG_ENABLE_MODULES = YES;
				CLANG_ENABLE_OBJC_ARC = YES;
				CLANG_ENABLE_OBJC_WEAK = YES;
				CLANG_WARN_BLOCK_CAPTURE_AUTORELEASING = YES;
				CLANG_WARN_BOOL_CONVERSION = YES;
				CLANG_WARN_COMMA = YES;
				CLANG_WARN_CONSTANT_CONVERSION = YES;
				CLANG_WARN_DEPRECATED_OBJC_IMPLEMENTATIONS = YES;
				CLANG_WARN_DIRECT_OBJC_ISA_USAGE = YES_ERROR;
				CLANG_WARN_DOCUMENTATION_COMMENTS = YES;
				CLANG_WARN_EMPTY_BODY = YES;
				CLANG_WARN_ENUM_CONVERSION = YES;
				CLANG_WARN_INFINITE_RECURSION = YES;
				CLANG_WARN_INT_CONVERSION = YES;
				CLANG_WARN_NON_LITERAL_NULL_CONVERSION = YES;
				CLANG_WARN_OBJC_IMPLICIT_RETAIN_SELF = YES;
				CLANG_WARN_OBJC_LITERAL_CONVERSION = YES;
				CLANG_WARN_OBJC_ROOT_CLASS = YES_ERROR;
				CLANG_WARN_RANGE_LOOP_ANALYSIS = YES;
				CLANG_WARN_STRICT_PROTOTYPES = YES;
				CLANG_WARN_SUSPICIOUS_MOVE = YES;
				CLANG_WARN_UNGUARDED_AVAILABILITY = YES_AGGRESSIVE;
				CLANG_WARN_UNREACHABLE_CODE = YES;
				CLANG_WARN__DUPLICATE_METHOD_MATCH = YES;
				COPY_PHASE_STRIP = NO;
				DEBUG_INFORMATION_FORMAT = dwarf;
				ENABLE_STRICT_OBJC_MSGSEND = YES;
				ENABLE_TESTABILITY = YES;
				GCC_C_LANGUAGE_STANDARD = gnu11;
				GCC_DYNAMIC_NO_PIC = NO;
				GCC_NO_COMMON_BLOCKS = YES;
				GCC_OPTIMIZATION_LEVEL = 0;
				GCC_PREPROCESSOR_DEFINITIONS = (
					"DEBUG=1",
					"$(inherited)",
				);
				GCC_WARN_64_TO_32_BIT_CONVERSION = YES;
				GCC_WARN_ABOUT_RETURN_TYPE = YES_ERROR;
				GCC_WARN_UNDECLARED_SELECTOR = YES;
				GCC_WARN_UNINITIALIZED_AUTOS = YES_AGGRESSIVE;
				GCC_WARN_UNUSED_FUNCTION = YES;
				GCC_WARN_UNUSED_VARIABLE = YES;
				IPHONEOS_DEPLOYMENT_TARGET = 13.4;
				MTL_ENABLE_DEBUG_INFO = INCLUDE_SOURCE;
				MTL_FAST_MATH = YES;
				ONLY_ACTIVE_ARCH = YES;
				SDKROOT = iphoneos;
				SWIFT_ACTIVE_COMPILATION_CONDITIONS = DEBUG;
				SWIFT_OPTIMIZATION_LEVEL = "-Onone";
			};
			name = Debug;
		};
		05948F9C245FFBC4001BB4A6 /* Release */ = {
			isa = XCBuildConfiguration;
			buildSettings = {
				ALWAYS_SEARCH_USER_PATHS = NO;
				CLANG_ANALYZER_NONNULL = YES;
				CLANG_ANALYZER_NUMBER_OBJECT_CONVERSION = YES_AGGRESSIVE;
				CLANG_CXX_LANGUAGE_STANDARD = "gnu++14";
				CLANG_CXX_LIBRARY = "libc++";
				CLANG_ENABLE_MODULES = YES;
				CLANG_ENABLE_OBJC_ARC = YES;
				CLANG_ENABLE_OBJC_WEAK = YES;
				CLANG_WARN_BLOCK_CAPTURE_AUTORELEASING = YES;
				CLANG_WARN_BOOL_CONVERSION = YES;
				CLANG_WARN_COMMA = YES;
				CLANG_WARN_CONSTANT_CONVERSION = YES;
				CLANG_WARN_DEPRECATED_OBJC_IMPLEMENTATIONS = YES;
				CLANG_WARN_DIRECT_OBJC_ISA_USAGE = YES_ERROR;
				CLANG_WARN_DOCUMENTATION_COMMENTS = YES;
				CLANG_WARN_EMPTY_BODY = YES;
				CLANG_WARN_ENUM_CONVERSION = YES;
				CLANG_WARN_INFINITE_RECURSION = YES;
				CLANG_WARN_INT_CONVERSION = YES;
				CLANG_WARN_NON_LITERAL_NULL_CONVERSION = YES;
				CLANG_WARN_OBJC_IMPLICIT_RETAIN_SELF = YES;
				CLANG_WARN_OBJC_LITERAL_CONVERSION = YES;
				CLANG_WARN_OBJC_ROOT_CLASS = YES_ERROR;
				CLANG_WARN_RANGE_LOOP_ANALYSIS = YES;
				CLANG_WARN_STRICT_PROTOTYPES = YES;
				CLANG_WARN_SUSPICIOUS_MOVE = YES;
				CLANG_WARN_UNGUARDED_AVAILABILITY = YES_AGGRESSIVE;
				CLANG_WARN_UNREACHABLE_CODE = YES;
				CLANG_WARN__DUPLICATE_METHOD_MATCH = YES;
				COPY_PHASE_STRIP = NO;
				DEBUG_INFORMATION_FORMAT = "dwarf-with-dsym";
				ENABLE_NS_ASSERTIONS = NO;
				ENABLE_STRICT_OBJC_MSGSEND = YES;
				GCC_C_LANGUAGE_STANDARD = gnu11;
				GCC_NO_COMMON_BLOCKS = YES;
				GCC_WARN_64_TO_32_BIT_CONVERSION = YES;
				GCC_WARN_ABOUT_RETURN_TYPE = YES_ERROR;
				GCC_WARN_UNDECLARED_SELECTOR = YES;
				GCC_WARN_UNINITIALIZED_AUTOS = YES_AGGRESSIVE;
				GCC_WARN_UNUSED_FUNCTION = YES;
				GCC_WARN_UNUSED_VARIABLE = YES;
				IPHONEOS_DEPLOYMENT_TARGET = 13.4;
				MTL_ENABLE_DEBUG_INFO = NO;
				MTL_FAST_MATH = YES;
				SDKROOT = iphoneos;
				SWIFT_COMPILATION_MODE = wholemodule;
				SWIFT_OPTIMIZATION_LEVEL = "-O";
				VALIDATE_PRODUCT = YES;
			};
			name = Release;
		};
		05948F9E245FFBC4001BB4A6 /* Debug */ = {
			isa = XCBuildConfiguration;
			baseConfigurationReference = C79F7732B9EC41F9B11E0471 /* Pods-hidden-italy-app.debug.xcconfig */;
			buildSettings = {
				ASSETCATALOG_COMPILER_APPICON_NAME = AppIcon;
				CODE_SIGN_STYLE = Automatic;
				DEVELOPMENT_ASSET_PATHS = "\"hidden-italy-app/Preview Content\"";
				ENABLE_PREVIEWS = YES;
				INFOPLIST_FILE = "hidden-italy-app/Info.plist";
				LD_RUNPATH_SEARCH_PATHS = (
					"$(inherited)",
					"@executable_path/Frameworks",
				);
				PRODUCT_BUNDLE_IDENTIFIER = "arizzoli.hidden-italy-app";
				PRODUCT_NAME = "$(TARGET_NAME)";
				SWIFT_VERSION = 5.0;
				TARGETED_DEVICE_FAMILY = "1,2";
			};
			name = Debug;
		};
		05948F9F245FFBC4001BB4A6 /* Release */ = {
			isa = XCBuildConfiguration;
			baseConfigurationReference = 8A070482E3B92E37E0CE7C77 /* Pods-hidden-italy-app.release.xcconfig */;
			buildSettings = {
				ASSETCATALOG_COMPILER_APPICON_NAME = AppIcon;
				CODE_SIGN_STYLE = Automatic;
				DEVELOPMENT_ASSET_PATHS = "\"hidden-italy-app/Preview Content\"";
				ENABLE_PREVIEWS = YES;
				INFOPLIST_FILE = "hidden-italy-app/Info.plist";
				LD_RUNPATH_SEARCH_PATHS = (
					"$(inherited)",
					"@executable_path/Frameworks",
				);
				PRODUCT_BUNDLE_IDENTIFIER = "arizzoli.hidden-italy-app";
				PRODUCT_NAME = "$(TARGET_NAME)";
				SWIFT_VERSION = 5.0;
				TARGETED_DEVICE_FAMILY = "1,2";
			};
			name = Release;
		};
/* End XCBuildConfiguration section */

/* Begin XCConfigurationList section */
		05948F84245FFBC1001BB4A6 /* Build configuration list for PBXProject "hidden-italy-app" */ = {
			isa = XCConfigurationList;
			buildConfigurations = (
				05948F9B245FFBC4001BB4A6 /* Debug */,
				05948F9C245FFBC4001BB4A6 /* Release */,
			);
			defaultConfigurationIsVisible = 0;
			defaultConfigurationName = Release;
		};
		05948F9D245FFBC4001BB4A6 /* Build configuration list for PBXNativeTarget "hidden-italy-app" */ = {
			isa = XCConfigurationList;
			buildConfigurations = (
				05948F9E245FFBC4001BB4A6 /* Debug */,
				05948F9F245FFBC4001BB4A6 /* Release */,
			);
			defaultConfigurationIsVisible = 0;
			defaultConfigurationName = Release;
		};
/* End XCConfigurationList section */
	};
	rootObject = 05948F81245FFBC1001BB4A6 /* Project object */;
}
