// !$*UTF8*$!
{
	archiveVersion = 1;
	classes = {
	};
	objectVersion = 50;
	objects = {

/* Begin PBXBuildFile section */
		051585752462E32F00194002 /* CreateUserView.swift in Sources */ = {isa = PBXBuildFile; fileRef = 051585742462E32F00194002 /* CreateUserView.swift */; };
		051585772462E34A00194002 /* ResetUserView.swift in Sources */ = {isa = PBXBuildFile; fileRef = 051585762462E34A00194002 /* ResetUserView.swift */; };
		051585792462E36800194002 /* LoginView.swift in Sources */ = {isa = PBXBuildFile; fileRef = 051585782462E36800194002 /* LoginView.swift */; };
		0515857F2463336D00194002 /* MapView.swift in Sources */ = {isa = PBXBuildFile; fileRef = 0515857E2463336D00194002 /* MapView.swift */; };
		051585822463536100194002 /* TestView.swift in Sources */ = {isa = PBXBuildFile; fileRef = 051585812463536100194002 /* TestView.swift */; };
		05158584246365A400194002 /* ImagePicker.swift in Sources */ = {isa = PBXBuildFile; fileRef = 05158583246365A400194002 /* ImagePicker.swift */; };
		05158586246405E700194002 /* CircleTab.swift in Sources */ = {isa = PBXBuildFile; fileRef = 05158585246405E700194002 /* CircleTab.swift */; };
		051585892464072000194002 /* RootCircleTabTabView.swift in Sources */ = {isa = PBXBuildFile; fileRef = 051585882464072000194002 /* RootCircleTabTabView.swift */; };
		05948F8D245FFBC1001BB4A6 /* AppDelegate.swift in Sources */ = {isa = PBXBuildFile; fileRef = 05948F8C245FFBC1001BB4A6 /* AppDelegate.swift */; };
		05948F8F245FFBC1001BB4A6 /* SceneDelegate.swift in Sources */ = {isa = PBXBuildFile; fileRef = 05948F8E245FFBC1001BB4A6 /* SceneDelegate.swift */; };
		05948F91245FFBC1001BB4A6 /* ContentView.swift in Sources */ = {isa = PBXBuildFile; fileRef = 05948F90245FFBC1001BB4A6 /* ContentView.swift */; };
		05948F93245FFBC4001BB4A6 /* Assets.xcassets in Resources */ = {isa = PBXBuildFile; fileRef = 05948F92245FFBC4001BB4A6 /* Assets.xcassets */; };
		05948F96245FFBC4001BB4A6 /* Preview Assets.xcassets in Resources */ = {isa = PBXBuildFile; fileRef = 05948F95245FFBC4001BB4A6 /* Preview Assets.xcassets */; };
		05948F99245FFBC4001BB4A6 /* LaunchScreen.storyboard in Resources */ = {isa = PBXBuildFile; fileRef = 05948F97245FFBC4001BB4A6 /* LaunchScreen.storyboard */; };
		05948FA1245FFC45001BB4A6 /* SplashView.swift in Sources */ = {isa = PBXBuildFile; fileRef = 05948FA0245FFC45001BB4A6 /* SplashView.swift */; };
		05948FA3245FFCF5001BB4A6 /* ManagerView.swift in Sources */ = {isa = PBXBuildFile; fileRef = 05948FA2245FFCF5001BB4A6 /* ManagerView.swift */; };
		05948FA5245FFD72001BB4A6 /* RootTabView.swift in Sources */ = {isa = PBXBuildFile; fileRef = 05948FA4245FFD72001BB4A6 /* RootTabView.swift */; };
/* End PBXBuildFile section */

/* Begin PBXFileReference section */
		051585742462E32F00194002 /* CreateUserView.swift */ = {isa = PBXFileReference; lastKnownFileType = sourcecode.swift; path = CreateUserView.swift; sourceTree = "<group>"; };
		051585762462E34A00194002 /* ResetUserView.swift */ = {isa = PBXFileReference; lastKnownFileType = sourcecode.swift; path = ResetUserView.swift; sourceTree = "<group>"; };
		051585782462E36800194002 /* LoginView.swift */ = {isa = PBXFileReference; lastKnownFileType = sourcecode.swift; path = LoginView.swift; sourceTree = "<group>"; };
		0515857E2463336D00194002 /* MapView.swift */ = {isa = PBXFileReference; lastKnownFileType = sourcecode.swift; path = MapView.swift; sourceTree = "<group>"; };
		051585812463536100194002 /* TestView.swift */ = {isa = PBXFileReference; lastKnownFileType = sourcecode.swift; path = TestView.swift; sourceTree = "<group>"; };
		05158583246365A400194002 /* ImagePicker.swift */ = {isa = PBXFileReference; lastKnownFileType = sourcecode.swift; path = ImagePicker.swift; sourceTree = "<group>"; };
		05158585246405E700194002 /* CircleTab.swift */ = {isa = PBXFileReference; lastKnownFileType = sourcecode.swift; path = CircleTab.swift; sourceTree = "<group>"; };
		051585882464072000194002 /* RootCircleTabTabView.swift */ = {isa = PBXFileReference; lastKnownFileType = sourcecode.swift; path = RootCircleTabTabView.swift; sourceTree = "<group>"; };
		05948F89245FFBC1001BB4A6 /* hidden-italy-app.app */ = {isa = PBXFileReference; explicitFileType = wrapper.application; includeInIndex = 0; path = "hidden-italy-app.app"; sourceTree = BUILT_PRODUCTS_DIR; };
		05948F8C245FFBC1001BB4A6 /* AppDelegate.swift */ = {isa = PBXFileReference; lastKnownFileType = sourcecode.swift; path = AppDelegate.swift; sourceTree = "<group>"; };
		05948F8E245FFBC1001BB4A6 /* SceneDelegate.swift */ = {isa = PBXFileReference; lastKnownFileType = sourcecode.swift; path = SceneDelegate.swift; sourceTree = "<group>"; };
		05948F90245FFBC1001BB4A6 /* ContentView.swift */ = {isa = PBXFileReference; lastKnownFileType = sourcecode.swift; path = ContentView.swift; sourceTree = "<group>"; };
		05948F92245FFBC4001BB4A6 /* Assets.xcassets */ = {isa = PBXFileReference; lastKnownFileType = folder.assetcatalog; path = Assets.xcassets; sourceTree = "<group>"; };
		05948F95245FFBC4001BB4A6 /* Preview Assets.xcassets */ = {isa = PBXFileReference; lastKnownFileType = folder.assetcatalog; path = "Preview Assets.xcassets"; sourceTree = "<group>"; };
		05948F98245FFBC4001BB4A6 /* Base */ = {isa = PBXFileReference; lastKnownFileType = file.storyboard; name = Base; path = Base.lproj/LaunchScreen.storyboard; sourceTree = "<group>"; };
		05948F9A245FFBC4001BB4A6 /* Info.plist */ = {isa = PBXFileReference; lastKnownFileType = text.plist.xml; path = Info.plist; sourceTree = "<group>"; };
		05948FA0245FFC45001BB4A6 /* SplashView.swift */ = {isa = PBXFileReference; lastKnownFileType = sourcecode.swift; path = SplashView.swift; sourceTree = "<group>"; };
		05948FA2245FFCF5001BB4A6 /* ManagerView.swift */ = {isa = PBXFileReference; lastKnownFileType = sourcecode.swift; path = ManagerView.swift; sourceTree = "<group>"; };
		05948FA4245FFD72001BB4A6 /* RootTabView.swift */ = {isa = PBXFileReference; lastKnownFileType = sourcecode.swift; path = RootTabView.swift; sourceTree = "<group>"; };
/* End PBXFileReference section */

/* Begin PBXFrameworksBuildPhase section */
		05948F86245FFBC1001BB4A6 /* Frameworks */ = {
			isa = PBXFrameworksBuildPhase;
			buildActionMask = 2147483647;
			files = (
			);
			runOnlyForDeploymentPostprocessing = 0;
		};
/* End PBXFrameworksBuildPhase section */

/* Begin PBXGroup section */
		051585732462E2F000194002 /* Login */ = {
			isa = PBXGroup;
			children = (
				051585762462E34A00194002 /* ResetUserView.swift */,
				051585742462E32F00194002 /* CreateUserView.swift */,
				051585782462E36800194002 /* LoginView.swift */,
				051585812463536100194002 /* TestView.swift */,
			);
			path = Login;
			sourceTree = "<group>";
		};
		051585802463337300194002 /* Map */ = {
			isa = PBXGroup;
			children = (
				0515857E2463336D00194002 /* MapView.swift */,
			);
			path = Map;
			sourceTree = "<group>";
		};
		05158587246406B700194002 /* Tab View */ = {
			isa = PBXGroup;
			children = (
				05158585246405E700194002 /* CircleTab.swift */,
				05948FA4245FFD72001BB4A6 /* RootTabView.swift */,
				051585882464072000194002 /* RootCircleTabTabView.swift */,
			);
			path = "Tab View";
			sourceTree = "<group>";
		};
		0515858A246416A300194002 /* User */ = {
			isa = PBXGroup;
			children = (
			);
			path = User;
			sourceTree = "<group>";
		};
		05948F80245FFBC1001BB4A6 = {
			isa = PBXGroup;
			children = (
				05948F8B245FFBC1001BB4A6 /* hidden-italy-app */,
				05948F8A245FFBC1001BB4A6 /* Products */,
			);
			sourceTree = "<group>";
		};
		05948F8A245FFBC1001BB4A6 /* Products */ = {
			isa = PBXGroup;
			children = (
				05948F89245FFBC1001BB4A6 /* hidden-italy-app.app */,
			);
			name = Products;
			sourceTree = "<group>";
		};
		05948F8B245FFBC1001BB4A6 /* hidden-italy-app */ = {
			isa = PBXGroup;
			children = (
				0515858A246416A300194002 /* User */,
				05158587246406B700194002 /* Tab View */,
				051585802463337300194002 /* Map */,
				051585732462E2F000194002 /* Login */,
				05948F8C245FFBC1001BB4A6 /* AppDelegate.swift */,
				05948F8E245FFBC1001BB4A6 /* SceneDelegate.swift */,
				05948F90245FFBC1001BB4A6 /* ContentView.swift */,
				05948F92245FFBC4001BB4A6 /* Assets.xcassets */,
				05948F97245FFBC4001BB4A6 /* LaunchScreen.storyboard */,
				05948F9A245FFBC4001BB4A6 /* Info.plist */,
				05948F94245FFBC4001BB4A6 /* Preview Content */,
				05948FA0245FFC45001BB4A6 /* SplashView.swift */,
				05948FA2245FFCF5001BB4A6 /* ManagerView.swift */,
				05158583246365A400194002 /* ImagePicker.swift */,
			);
			path = "hidden-italy-app";
			sourceTree = "<group>";
		};
		05948F94245FFBC4001BB4A6 /* Preview Content */ = {
			isa = PBXGroup;
			children = (
				05948F95245FFBC4001BB4A6 /* Preview Assets.xcassets */,
			);
			path = "Preview Content";
			sourceTree = "<group>";
		};
/* End PBXGroup section */

/* Begin PBXNativeTarget section */
		05948F88245FFBC1001BB4A6 /* hidden-italy-app */ = {
			isa = PBXNativeTarget;
			buildConfigurationList = 05948F9D245FFBC4001BB4A6 /* Build configuration list for PBXNativeTarget "hidden-italy-app" */;
			buildPhases = (
				05948F85245FFBC1001BB4A6 /* Sources */,
				05948F86245FFBC1001BB4A6 /* Frameworks */,
				05948F87245FFBC1001BB4A6 /* Resources */,
			);
			buildRules = (
			);
			dependencies = (
			);
			name = "hidden-italy-app";
			productName = "hidden-italy-app";
			productReference = 05948F89245FFBC1001BB4A6 /* hidden-italy-app.app */;
			productType = "com.apple.product-type.application";
		};
/* End PBXNativeTarget section */

/* Begin PBXProject section */
		05948F81245FFBC1001BB4A6 /* Project object */ = {
			isa = PBXProject;
			attributes = {
				LastSwiftUpdateCheck = 1140;
				LastUpgradeCheck = 1140;
				ORGANIZATIONNAME = "Andrea Arizzoli";
				TargetAttributes = {
					05948F88245FFBC1001BB4A6 = {
						CreatedOnToolsVersion = 11.4.1;
					};
				};
			};
			buildConfigurationList = 05948F84245FFBC1001BB4A6 /* Build configuration list for PBXProject "hidden-italy-app" */;
			compatibilityVersion = "Xcode 9.3";
			developmentRegion = en;
			hasScannedForEncodings = 0;
			knownRegions = (
				en,
				Base,
			);
			mainGroup = 05948F80245FFBC1001BB4A6;
			productRefGroup = 05948F8A245FFBC1001BB4A6 /* Products */;
			projectDirPath = "";
			projectRoot = "";
			targets = (
				05948F88245FFBC1001BB4A6 /* hidden-italy-app */,
			);
		};
/* End PBXProject section */

/* Begin PBXResourcesBuildPhase section */
		05948F87245FFBC1001BB4A6 /* Resources */ = {
			isa = PBXResourcesBuildPhase;
			buildActionMask = 2147483647;
			files = (
				05948F99245FFBC4001BB4A6 /* LaunchScreen.storyboard in Resources */,
				05948F96245FFBC4001BB4A6 /* Preview Assets.xcassets in Resources */,
				05948F93245FFBC4001BB4A6 /* Assets.xcassets in Resources */,
			);
			runOnlyForDeploymentPostprocessing = 0;
		};
/* End PBXResourcesBuildPhase section */

/* Begin PBXSourcesBuildPhase section */
		05948F85245FFBC1001BB4A6 /* Sources */ = {
			isa = PBXSourcesBuildPhase;
			buildActionMask = 2147483647;
			files = (
				051585752462E32F00194002 /* CreateUserView.swift in Sources */,
				05948FA3245FFCF5001BB4A6 /* ManagerView.swift in Sources */,
				051585822463536100194002 /* TestView.swift in Sources */,
				05948F8D245FFBC1001BB4A6 /* AppDelegate.swift in Sources */,
				05948FA1245FFC45001BB4A6 /* SplashView.swift in Sources */,
				05948F8F245FFBC1001BB4A6 /* SceneDelegate.swift in Sources */,
				05158586246405E700194002 /* CircleTab.swift in Sources */,
				051585792462E36800194002 /* LoginView.swift in Sources */,
				051585892464072000194002 /* RootCircleTabTabView.swift in Sources */,
				05948FA5245FFD72001BB4A6 /* RootTabView.swift in Sources */,
				0515857F2463336D00194002 /* MapView.swift in Sources */,
				05158584246365A400194002 /* ImagePicker.swift in Sources */,
				051585772462E34A00194002 /* ResetUserView.swift in Sources */,
				05948F91245FFBC1001BB4A6 /* ContentView.swift in Sources */,
			);
			runOnlyForDeploymentPostprocessing = 0;
		};
/* End PBXSourcesBuildPhase section */

/* Begin PBXVariantGroup section */
		05948F97245FFBC4001BB4A6 /* LaunchScreen.storyboard */ = {
			isa = PBXVariantGroup;
			children = (
				05948F98245FFBC4001BB4A6 /* Base */,
			);
			name = LaunchScreen.storyboard;
			sourceTree = "<group>";
		};
/* End PBXVariantGroup section */

/* Begin XCBuildConfiguration section */
		05948F9B245FFBC4001BB4A6 /* Debug */ = {
			isa = XCBuildConfiguration;
			buildSettings = {
				ALWAYS_SEARCH_USER_PATHS = NO;
				CLANG_ANALYZER_NONNULL = YES;
				CLANG_ANALYZER_NUMBER_OBJECT_CONVERSION = YES_AGGRESSIVE;
				CLANG_CXX_LANGUAGE_STANDARD = "gnu++14";
				CLANG_CXX_LIBRARY = "libc++";
				CLANG_ENABLE_MODULES = YES;
				CLANG_ENABLE_OBJC_ARC = YES;
				CLANG_ENABLE_OBJC_WEAK = YES;
				CLANG_WARN_BLOCK_CAPTURE_AUTORELEASING = YES;
				CLANG_WARN_BOOL_CONVERSION = YES;
				CLANG_WARN_COMMA = YES;
				CLANG_WARN_CONSTANT_CONVERSION = YES;
				CLANG_WARN_DEPRECATED_OBJC_IMPLEMENTATIONS = YES;
				CLANG_WARN_DIRECT_OBJC_ISA_USAGE = YES_ERROR;
				CLANG_WARN_DOCUMENTATION_COMMENTS = YES;
				CLANG_WARN_EMPTY_BODY = YES;
				CLANG_WARN_ENUM_CONVERSION = YES;
				CLANG_WARN_INFINITE_RECURSION = YES;
				CLANG_WARN_INT_CONVERSION = YES;
				CLANG_WARN_NON_LITERAL_NULL_CONVERSION = YES;
				CLANG_WARN_OBJC_IMPLICIT_RETAIN_SELF = YES;
				CLANG_WARN_OBJC_LITERAL_CONVERSION = YES;
				CLANG_WARN_OBJC_ROOT_CLASS = YES_ERROR;
				CLANG_WARN_RANGE_LOOP_ANALYSIS = YES;
				CLANG_WARN_STRICT_PROTOTYPES = YES;
				CLANG_WARN_SUSPICIOUS_MOVE = YES;
				CLANG_WARN_UNGUARDED_AVAILABILITY = YES_AGGRESSIVE;
				CLANG_WARN_UNREACHABLE_CODE = YES;
				CLANG_WARN__DUPLICATE_METHOD_MATCH = YES;
				COPY_PHASE_STRIP = NO;
				DEBUG_INFORMATION_FORMAT = dwarf;
				ENABLE_STRICT_OBJC_MSGSEND = YES;
				ENABLE_TESTABILITY = YES;
				GCC_C_LANGUAGE_STANDARD = gnu11;
				GCC_DYNAMIC_NO_PIC = NO;
				GCC_NO_COMMON_BLOCKS = YES;
				GCC_OPTIMIZATION_LEVEL = 0;
				GCC_PREPROCESSOR_DEFINITIONS = (
					"DEBUG=1",
					"$(inherited)",
				);
				GCC_WARN_64_TO_32_BIT_CONVERSION = YES;
				GCC_WARN_ABOUT_RETURN_TYPE = YES_ERROR;
				GCC_WARN_UNDECLARED_SELECTOR = YES;
				GCC_WARN_UNINITIALIZED_AUTOS = YES_AGGRESSIVE;
				GCC_WARN_UNUSED_FUNCTION = YES;
				GCC_WARN_UNUSED_VARIABLE = YES;
				IPHONEOS_DEPLOYMENT_TARGET = 13.4;
				MTL_ENABLE_DEBUG_INFO = INCLUDE_SOURCE;
				MTL_FAST_MATH = YES;
				ONLY_ACTIVE_ARCH = YES;
				SDKROOT = iphoneos;
				SWIFT_ACTIVE_COMPILATION_CONDITIONS = DEBUG;
				SWIFT_OPTIMIZATION_LEVEL = "-Onone";
			};
			name = Debug;
		};
		05948F9C245FFBC4001BB4A6 /* Release */ = {
			isa = XCBuildConfiguration;
			buildSettings = {
				ALWAYS_SEARCH_USER_PATHS = NO;
				CLANG_ANALYZER_NONNULL = YES;
				CLANG_ANALYZER_NUMBER_OBJECT_CONVERSION = YES_AGGRESSIVE;
				CLANG_CXX_LANGUAGE_STANDARD = "gnu++14";
				CLANG_CXX_LIBRARY = "libc++";
				CLANG_ENABLE_MODULES = YES;
				CLANG_ENABLE_OBJC_ARC = YES;
				CLANG_ENABLE_OBJC_WEAK = YES;
				CLANG_WARN_BLOCK_CAPTURE_AUTORELEASING = YES;
				CLANG_WARN_BOOL_CONVERSION = YES;
				CLANG_WARN_COMMA = YES;
				CLANG_WARN_CONSTANT_CONVERSION = YES;
				CLANG_WARN_DEPRECATED_OBJC_IMPLEMENTATIONS = YES;
				CLANG_WARN_DIRECT_OBJC_ISA_USAGE = YES_ERROR;
				CLANG_WARN_DOCUMENTATION_COMMENTS = YES;
				CLANG_WARN_EMPTY_BODY = YES;
				CLANG_WARN_ENUM_CONVERSION = YES;
				CLANG_WARN_INFINITE_RECURSION = YES;
				CLANG_WARN_INT_CONVERSION = YES;
				CLANG_WARN_NON_LITERAL_NULL_CONVERSION = YES;
				CLANG_WARN_OBJC_IMPLICIT_RETAIN_SELF = YES;
				CLANG_WARN_OBJC_LITERAL_CONVERSION = YES;
				CLANG_WARN_OBJC_ROOT_CLASS = YES_ERROR;
				CLANG_WARN_RANGE_LOOP_ANALYSIS = YES;
				CLANG_WARN_STRICT_PROTOTYPES = YES;
				CLANG_WARN_SUSPICIOUS_MOVE = YES;
				CLANG_WARN_UNGUARDED_AVAILABILITY = YES_AGGRESSIVE;
				CLANG_WARN_UNREACHABLE_CODE = YES;
				CLANG_WARN__DUPLICATE_METHOD_MATCH = YES;
				COPY_PHASE_STRIP = NO;
				DEBUG_INFORMATION_FORMAT = "dwarf-with-dsym";
				ENABLE_NS_ASSERTIONS = NO;
				ENABLE_STRICT_OBJC_MSGSEND = YES;
				GCC_C_LANGUAGE_STANDARD = gnu11;
				GCC_NO_COMMON_BLOCKS = YES;
				GCC_WARN_64_TO_32_BIT_CONVERSION = YES;
				GCC_WARN_ABOUT_RETURN_TYPE = YES_ERROR;
				GCC_WARN_UNDECLARED_SELECTOR = YES;
				GCC_WARN_UNINITIALIZED_AUTOS = YES_AGGRESSIVE;
				GCC_WARN_UNUSED_FUNCTION = YES;
				GCC_WARN_UNUSED_VARIABLE = YES;
				IPHONEOS_DEPLOYMENT_TARGET = 13.4;
				MTL_ENABLE_DEBUG_INFO = NO;
				MTL_FAST_MATH = YES;
				SDKROOT = iphoneos;
				SWIFT_COMPILATION_MODE = wholemodule;
				SWIFT_OPTIMIZATION_LEVEL = "-O";
				VALIDATE_PRODUCT = YES;
			};
			name = Release;
		};
		05948F9E245FFBC4001BB4A6 /* Debug */ = {
			isa = XCBuildConfiguration;
			buildSettings = {
				ASSETCATALOG_COMPILER_APPICON_NAME = AppIcon;
				CODE_SIGN_STYLE = Automatic;
				DEVELOPMENT_ASSET_PATHS = "\"hidden-italy-app/Preview Content\"";
				ENABLE_PREVIEWS = YES;
				INFOPLIST_FILE = "hidden-italy-app/Info.plist";
				LD_RUNPATH_SEARCH_PATHS = (
					"$(inherited)",
					"@executable_path/Frameworks",
				);
				PRODUCT_BUNDLE_IDENTIFIER = "arizzoli.hidden-italy-app";
				PRODUCT_NAME = "$(TARGET_NAME)";
				SWIFT_VERSION = 5.0;
				TARGETED_DEVICE_FAMILY = "1,2";
			};
			name = Debug;
		};
		05948F9F245FFBC4001BB4A6 /* Release */ = {
			isa = XCBuildConfiguration;
			buildSettings = {
				ASSETCATALOG_COMPILER_APPICON_NAME = AppIcon;
				CODE_SIGN_STYLE = Automatic;
				DEVELOPMENT_ASSET_PATHS = "\"hidden-italy-app/Preview Content\"";
				ENABLE_PREVIEWS = YES;
				INFOPLIST_FILE = "hidden-italy-app/Info.plist";
				LD_RUNPATH_SEARCH_PATHS = (
					"$(inherited)",
					"@executable_path/Frameworks",
				);
				PRODUCT_BUNDLE_IDENTIFIER = "arizzoli.hidden-italy-app";
				PRODUCT_NAME = "$(TARGET_NAME)";
				SWIFT_VERSION = 5.0;
				TARGETED_DEVICE_FAMILY = "1,2";
			};
			name = Release;
		};
/* End XCBuildConfiguration section */

/* Begin XCConfigurationList section */
		05948F84245FFBC1001BB4A6 /* Build configuration list for PBXProject "hidden-italy-app" */ = {
			isa = XCConfigurationList;
			buildConfigurations = (
				05948F9B245FFBC4001BB4A6 /* Debug */,
				05948F9C245FFBC4001BB4A6 /* Release */,
			);
			defaultConfigurationIsVisible = 0;
			defaultConfigurationName = Release;
		};
		05948F9D245FFBC4001BB4A6 /* Build configuration list for PBXNativeTarget "hidden-italy-app" */ = {
			isa = XCConfigurationList;
			buildConfigurations = (
				05948F9E245FFBC4001BB4A6 /* Debug */,
				05948F9F245FFBC4001BB4A6 /* Release */,
			);
			defaultConfigurationIsVisible = 0;
			defaultConfigurationName = Release;
		};
/* End XCConfigurationList section */
	};
	rootObject = 05948F81245FFBC1001BB4A6 /* Project object */;
}
